
Microsoft Visual Studio Solution File, Format Version 12.00
# Visual Studio Version 17
VisualStudioVersion = 17.4.33213.308
MinimumVisualStudioVersion = 10.0.40219.1
Project("{9A19103F-16F7-4668-BE54-9A1E7A4F7556}") = "LibraryAPI", "LibraryAPI\LibraryAPI.csproj", "{CA7CCA77-E87C-4F29-AA28-D218EDAC1948}"
EndProject
Project("{9A19103F-16F7-4668-BE54-9A1E7A4F7556}") = "LibraryAPI.Core", "LibraryAPI.Core\LibraryAPI.Core.csproj", "{A871F26A-20D9-4ECE-A2B9-408B013FF1D6}"
EndProject
Project("{9A19103F-16F7-4668-BE54-9A1E7A4F7556}") = "LibraryAPI.DataAccess", "LibraryAPI.DataAccess\LibraryAPI.DataAccess.csproj", "{AC50A098-E863-4982-B56E-4D78D8BF0F96}"
EndProject
Project("{9A19103F-16F7-4668-BE54-9A1E7A4F7556}") = "LibraryAPI.Business", "LibraryAPI.Business\LibraryAPI.Business.csproj", "{2A0BF5A7-EB75-41EC-B616-A6AEBCAA401D}"
EndProject
Global
	GlobalSection(SolutionConfigurationPlatforms) = preSolution
		Debug|Any CPU = Debug|Any CPU
		Release|Any CPU = Release|Any CPU
	EndGlobalSection
	GlobalSection(ProjectConfigurationPlatforms) = postSolution
		{CA7CCA77-E87C-4F29-AA28-D218EDAC1948}.Debug|Any CPU.ActiveCfg = Debug|Any CPU
		{CA7CCA77-E87C-4F29-AA28-D218EDAC1948}.Debug|Any CPU.Build.0 = Debug|Any CPU
		{CA7CCA77-E87C-4F29-AA28-D218EDAC1948}.Release|Any CPU.ActiveCfg = Release|Any CPU
		{CA7CCA77-E87C-4F29-AA28-D218EDAC1948}.Release|Any CPU.Build.0 = Release|Any CPU
		{A871F26A-20D9-4ECE-A2B9-408B013FF1D6}.Debug|Any CPU.ActiveCfg = Debug|Any CPU
		{A871F26A-20D9-4ECE-A2B9-408B013FF1D6}.Debug|Any CPU.Build.0 = Debug|Any CPU
		{A871F26A-20D9-4ECE-A2B9-408B013FF1D6}.Release|Any CPU.ActiveCfg = Release|Any CPU
		{A871F26A-20D9-4ECE-A2B9-408B013FF1D6}.Release|Any CPU.Build.0 = Release|Any CPU
		{AC50A098-E863-4982-B56E-4D78D8BF0F96}.Debug|Any CPU.ActiveCfg = Debug|Any CPU
		{AC50A098-E863-4982-B56E-4D78D8BF0F96}.Debug|Any CPU.Build.0 = Debug|Any CPU
		{AC50A098-E863-4982-B56E-4D78D8BF0F96}.Release|Any CPU.ActiveCfg = Release|Any CPU
		{AC50A098-E863-4982-B56E-4D78D8BF0F96}.Release|Any CPU.Build.0 = Release|Any CPU
		{2A0BF5A7-EB75-41EC-B616-A6AEBCAA401D}.Debug|Any CPU.ActiveCfg = Debug|Any CPU
		{2A0BF5A7-EB75-41EC-B616-A6AEBCAA401D}.Debug|Any CPU.Build.0 = Debug|Any CPU
		{2A0BF5A7-EB75-41EC-B616-A6AEBCAA401D}.Release|Any CPU.ActiveCfg = Release|Any CPU
		{2A0BF5A7-EB75-41EC-B616-A6AEBCAA401D}.Release|Any CPU.Build.0 = Release|Any CPU
	EndGlobalSection
	GlobalSection(SolutionProperties) = preSolution
		HideSolutionNode = FALSE
	EndGlobalSection
	GlobalSection(ExtensibilityGlobals) = postSolution
		SolutionGuid = {01515F4E-BF93-47BE-BA59-FDB0B98DA1D3}
	EndGlobalSection
EndGlobal
